
Microsoft Visual Studio Solution File, Format Version 12.00
# Visual Studio Version 16
VisualStudioVersion = 16.0.30804.86
MinimumVisualStudioVersion = 10.0.40219.1
Project("{2150E333-8FDC-42A3-9474-1A3956D46DE8}") = "Common", "Common", "{7D377E47-50D0-46D4-A090-293DEB1747EB}"
EndProject
Project("{9A19103F-16F7-4668-BE54-9A1E7A4F7556}") = "PhnTnTi.Common", "src\Common\src\Common\PhnTnTi.Common.csproj", "{FA82ED74-126C-4E37-BC7A-A967A6F01FBA}"
EndProject
Project("{9A19103F-16F7-4668-BE54-9A1E7A4F7556}") = "PhnTnTi.Common.Abstractions", "src\Common\src\Common.Abstractions\PhnTnTi.Common.Abstractions.csproj", "{4EC6106F-B68D-47B3-9298-083D458BA6D2}"
EndProject
Project("{9A19103F-16F7-4668-BE54-9A1E7A4F7556}") = "PhnTnTi.Common.Net", "src\Common\src\Common.Net\PhnTnTi.Common.Net.csproj", "{1F5B23C5-AEED-4994-B019-2B130413ED9C}"
EndProject
Project("{2150E333-8FDC-42A3-9474-1A3956D46DE8}") = "Configuration", "Configuration", "{17E66B25-FE23-4260-80A4-76045D10D590}"
EndProject
Project("{9A19103F-16F7-4668-BE54-9A1E7A4F7556}") = "PhnTnTi.Extensions.Configuration.Abstractions", "src\Configuration\src\Abstractions\PhnTnTi.Extensions.Configuration.Abstractions.csproj", "{A0997F91-0822-4A04-849D-E89324D4C084}"
EndProject
Project("{9A19103F-16F7-4668-BE54-9A1E7A4F7556}") = "PhnTnTi.Extensions.Configuration.ConfigServerBase", "src\Configuration\src\ConfigServerBase\PhnTnTi.Extensions.Configuration.ConfigServerBase.csproj", "{48F81339-5476-4637-BA27-34C67B9022B3}"
EndProject
Project("{2150E333-8FDC-42A3-9474-1A3956D46DE8}") = "Connectors", "Connectors", "{C2C514DB-0727-4FA2-97D6-F47142F7B235}"
EndProject
Project("{9A19103F-16F7-4668-BE54-9A1E7A4F7556}") = "PhnTnTi.Connector.Abstractions", "src\Connectors\src\Abstractions\PhnTnTi.Connector.Abstractions.csproj", "{8CB479DC-36D4-418D-96B5-910284CA8627}"
EndProject
Project("{9A19103F-16F7-4668-BE54-9A1E7A4F7556}") = "PhnTnTi.Connector.ConnectorBase", "src\Connectors\src\ConnectorBase\PhnTnTi.Connector.ConnectorBase.csproj", "{2B847A16-8CE4-4889-8153-DF4C9EB1E221}"
EndProject
Project("{2150E333-8FDC-42A3-9474-1A3956D46DE8}") = "Logging", "Logging", "{469A3E1A-CDD6-4203-9A52-26A7993A3DAE}"
EndProject
Project("{9A19103F-16F7-4668-BE54-9A1E7A4F7556}") = "PhnTnTi.Extensions.Logging.Abstractions", "src\Logging\src\Abstractions\PhnTnTi.Extensions.Logging.Abstractions.csproj", "{36B88284-BE17-4EAD-ABB4-374FA0B09D32}"
EndProject
Project("{2150E333-8FDC-42A3-9474-1A3956D46DE8}") = "GraphQL", "GraphQL", "{A751560A-B212-46ED-A651-D75B17AB7095}"
EndProject
Project("{9A19103F-16F7-4668-BE54-9A1E7A4F7556}") = "GraphQL", "src\graphql-dotnet\src\GraphQL\GraphQL.csproj", "{573ED675-63B4-487C-94ED-B62908B95A17}"
EndProject
Project("{2150E333-8FDC-42A3-9474-1A3956D46DE8}") = "GraphQL.Servers", "GraphQL.Servers", "{4FCD06FA-C853-454B-B9A9-0D7C6BE5C2B5}"
EndProject
Project("{2150E333-8FDC-42A3-9474-1A3956D46DE8}") = "UI", "UI", "{118C9FB7-7B96-4AB1-B2E3-25203FCC1F33}"
EndProject
Project("{9A19103F-16F7-4668-BE54-9A1E7A4F7556}") = "Ui.Altair", "src\graphql-server\src\Ui.Altair\Ui.Altair.csproj", "{C51B5D6D-2EDA-450D-AAB5-7B16EB16EEB7}"
EndProject
Project("{9A19103F-16F7-4668-BE54-9A1E7A4F7556}") = "Ui.Playground", "src\graphql-server\src\Ui.Playground\Ui.Playground.csproj", "{EC44AF81-CADD-441C-B7E9-B18BF2B92E0F}"
EndProject
Project("{9A19103F-16F7-4668-BE54-9A1E7A4F7556}") = "GraphQL.Harness", "src\graphql-dotnet\src\GraphQL.Harness\GraphQL.Harness.csproj", "{807F5B9E-6FC7-48E2-B01E-F805E7317840}"
EndProject
Project("{2150E333-8FDC-42A3-9474-1A3956D46DE8}") = "Microsoft", "Microsoft", "{EA0BDCDC-770E-4AA1-BEF8-FD729F3FF7E6}"
EndProject
Project("{9A19103F-16F7-4668-BE54-9A1E7A4F7556}") = "TimeoutManager", "src\microsoft\src\TimeoutManager\TimeoutManager.csproj", "{4D05FF11-C4DC-453A-B663-A0D26FAB6415}"
EndProject
Project("{9A19103F-16F7-4668-BE54-9A1E7A4F7556}") = "Microsoft.IO.RecyclableMemoryStream", "src\microsoft\src\Microsoft.IO.RecyclableMemoryStream\Microsoft.IO.RecyclableMemoryStream.csproj", "{02A42AFD-4A5A-461C-82DD-AE2A8EA3EA8E}"
EndProject
Project("{FAE04EC0-301F-11D3-BF4B-00C04F79EFBC}") = "Microsoft.IO.RecyclableMemoryStream.Test", "src\microsoft\test\Microsoft.IO.RecyclableMemoryStream.Test\Microsoft.IO.RecyclableMemoryStream.Test.csproj", "{EA03416D-AC8C-4B1C-A8DB-3FF112084B93}"
EndProject
Global
	GlobalSection(SolutionConfigurationPlatforms) = preSolution
		Debug|Any CPU = Debug|Any CPU
		Release|Any CPU = Release|Any CPU
	EndGlobalSection
	GlobalSection(ProjectConfigurationPlatforms) = postSolution
		{FA82ED74-126C-4E37-BC7A-A967A6F01FBA}.Debug|Any CPU.ActiveCfg = Debug|Any CPU
		{FA82ED74-126C-4E37-BC7A-A967A6F01FBA}.Debug|Any CPU.Build.0 = Debug|Any CPU
		{FA82ED74-126C-4E37-BC7A-A967A6F01FBA}.Release|Any CPU.ActiveCfg = Release|Any CPU
		{FA82ED74-126C-4E37-BC7A-A967A6F01FBA}.Release|Any CPU.Build.0 = Release|Any CPU
		{4EC6106F-B68D-47B3-9298-083D458BA6D2}.Debug|Any CPU.ActiveCfg = Debug|Any CPU
		{4EC6106F-B68D-47B3-9298-083D458BA6D2}.Debug|Any CPU.Build.0 = Debug|Any CPU
		{4EC6106F-B68D-47B3-9298-083D458BA6D2}.Release|Any CPU.ActiveCfg = Release|Any CPU
		{4EC6106F-B68D-47B3-9298-083D458BA6D2}.Release|Any CPU.Build.0 = Release|Any CPU
		{1F5B23C5-AEED-4994-B019-2B130413ED9C}.Debug|Any CPU.ActiveCfg = Debug|Any CPU
		{1F5B23C5-AEED-4994-B019-2B130413ED9C}.Debug|Any CPU.Build.0 = Debug|Any CPU
		{1F5B23C5-AEED-4994-B019-2B130413ED9C}.Release|Any CPU.ActiveCfg = Release|Any CPU
		{1F5B23C5-AEED-4994-B019-2B130413ED9C}.Release|Any CPU.Build.0 = Release|Any CPU
		{A0997F91-0822-4A04-849D-E89324D4C084}.Debug|Any CPU.ActiveCfg = Debug|Any CPU
		{A0997F91-0822-4A04-849D-E89324D4C084}.Debug|Any CPU.Build.0 = Debug|Any CPU
		{A0997F91-0822-4A04-849D-E89324D4C084}.Release|Any CPU.ActiveCfg = Release|Any CPU
		{A0997F91-0822-4A04-849D-E89324D4C084}.Release|Any CPU.Build.0 = Release|Any CPU
		{48F81339-5476-4637-BA27-34C67B9022B3}.Debug|Any CPU.ActiveCfg = Debug|Any CPU
		{48F81339-5476-4637-BA27-34C67B9022B3}.Debug|Any CPU.Build.0 = Debug|Any CPU
		{48F81339-5476-4637-BA27-34C67B9022B3}.Release|Any CPU.ActiveCfg = Release|Any CPU
		{48F81339-5476-4637-BA27-34C67B9022B3}.Release|Any CPU.Build.0 = Release|Any CPU
		{8CB479DC-36D4-418D-96B5-910284CA8627}.Debug|Any CPU.ActiveCfg = Debug|Any CPU
		{8CB479DC-36D4-418D-96B5-910284CA8627}.Debug|Any CPU.Build.0 = Debug|Any CPU
		{8CB479DC-36D4-418D-96B5-910284CA8627}.Release|Any CPU.ActiveCfg = Release|Any CPU
		{8CB479DC-36D4-418D-96B5-910284CA8627}.Release|Any CPU.Build.0 = Release|Any CPU
		{2B847A16-8CE4-4889-8153-DF4C9EB1E221}.Debug|Any CPU.ActiveCfg = Debug|Any CPU
		{2B847A16-8CE4-4889-8153-DF4C9EB1E221}.Debug|Any CPU.Build.0 = Debug|Any CPU
		{2B847A16-8CE4-4889-8153-DF4C9EB1E221}.Release|Any CPU.ActiveCfg = Release|Any CPU
		{2B847A16-8CE4-4889-8153-DF4C9EB1E221}.Release|Any CPU.Build.0 = Release|Any CPU
		{36B88284-BE17-4EAD-ABB4-374FA0B09D32}.Debug|Any CPU.ActiveCfg = Debug|Any CPU
		{36B88284-BE17-4EAD-ABB4-374FA0B09D32}.Debug|Any CPU.Build.0 = Debug|Any CPU
		{36B88284-BE17-4EAD-ABB4-374FA0B09D32}.Release|Any CPU.ActiveCfg = Release|Any CPU
		{36B88284-BE17-4EAD-ABB4-374FA0B09D32}.Release|Any CPU.Build.0 = Release|Any CPU
		{573ED675-63B4-487C-94ED-B62908B95A17}.Debug|Any CPU.ActiveCfg = Debug|Any CPU
		{573ED675-63B4-487C-94ED-B62908B95A17}.Debug|Any CPU.Build.0 = Debug|Any CPU
		{573ED675-63B4-487C-94ED-B62908B95A17}.Release|Any CPU.ActiveCfg = Release|Any CPU
		{573ED675-63B4-487C-94ED-B62908B95A17}.Release|Any CPU.Build.0 = Release|Any CPU
		{C51B5D6D-2EDA-450D-AAB5-7B16EB16EEB7}.Debug|Any CPU.ActiveCfg = Debug|Any CPU
		{C51B5D6D-2EDA-450D-AAB5-7B16EB16EEB7}.Debug|Any CPU.Build.0 = Debug|Any CPU
		{C51B5D6D-2EDA-450D-AAB5-7B16EB16EEB7}.Release|Any CPU.ActiveCfg = Release|Any CPU
		{C51B5D6D-2EDA-450D-AAB5-7B16EB16EEB7}.Release|Any CPU.Build.0 = Release|Any CPU
		{EC44AF81-CADD-441C-B7E9-B18BF2B92E0F}.Debug|Any CPU.ActiveCfg = Debug|Any CPU
		{EC44AF81-CADD-441C-B7E9-B18BF2B92E0F}.Debug|Any CPU.Build.0 = Debug|Any CPU
		{EC44AF81-CADD-441C-B7E9-B18BF2B92E0F}.Release|Any CPU.ActiveCfg = Release|Any CPU
		{EC44AF81-CADD-441C-B7E9-B18BF2B92E0F}.Release|Any CPU.Build.0 = Release|Any CPU
		{807F5B9E-6FC7-48E2-B01E-F805E7317840}.Debug|Any CPU.ActiveCfg = Debug|Any CPU
		{807F5B9E-6FC7-48E2-B01E-F805E7317840}.Debug|Any CPU.Build.0 = Debug|Any CPU
		{807F5B9E-6FC7-48E2-B01E-F805E7317840}.Release|Any CPU.ActiveCfg = Release|Any CPU
		{807F5B9E-6FC7-48E2-B01E-F805E7317840}.Release|Any CPU.Build.0 = Release|Any CPU
		{4D05FF11-C4DC-453A-B663-A0D26FAB6415}.Debug|Any CPU.ActiveCfg = Debug|Any CPU
		{4D05FF11-C4DC-453A-B663-A0D26FAB6415}.Debug|Any CPU.Build.0 = Debug|Any CPU
		{4D05FF11-C4DC-453A-B663-A0D26FAB6415}.Release|Any CPU.ActiveCfg = Release|Any CPU
		{4D05FF11-C4DC-453A-B663-A0D26FAB6415}.Release|Any CPU.Build.0 = Release|Any CPU
		{02A42AFD-4A5A-461C-82DD-AE2A8EA3EA8E}.Debug|Any CPU.ActiveCfg = Debug|Any CPU
		{02A42AFD-4A5A-461C-82DD-AE2A8EA3EA8E}.Debug|Any CPU.Build.0 = Debug|Any CPU
		{02A42AFD-4A5A-461C-82DD-AE2A8EA3EA8E}.Release|Any CPU.ActiveCfg = Release|Any CPU
		{02A42AFD-4A5A-461C-82DD-AE2A8EA3EA8E}.Release|Any CPU.Build.0 = Release|Any CPU
		{EA03416D-AC8C-4B1C-A8DB-3FF112084B93}.Debug|Any CPU.ActiveCfg = Debug|Any CPU
		{EA03416D-AC8C-4B1C-A8DB-3FF112084B93}.Debug|Any CPU.Build.0 = Debug|Any CPU
		{EA03416D-AC8C-4B1C-A8DB-3FF112084B93}.Release|Any CPU.ActiveCfg = Release|Any CPU
		{EA03416D-AC8C-4B1C-A8DB-3FF112084B93}.Release|Any CPU.Build.0 = Release|Any CPU
	EndGlobalSection
	GlobalSection(SolutionProperties) = preSolution
		HideSolutionNode = FALSE
	EndGlobalSection
	GlobalSection(NestedProjects) = preSolution
		{FA82ED74-126C-4E37-BC7A-A967A6F01FBA} = {7D377E47-50D0-46D4-A090-293DEB1747EB}
		{4EC6106F-B68D-47B3-9298-083D458BA6D2} = {7D377E47-50D0-46D4-A090-293DEB1747EB}
		{1F5B23C5-AEED-4994-B019-2B130413ED9C} = {7D377E47-50D0-46D4-A090-293DEB1747EB}
		{A0997F91-0822-4A04-849D-E89324D4C084} = {17E66B25-FE23-4260-80A4-76045D10D590}
		{48F81339-5476-4637-BA27-34C67B9022B3} = {17E66B25-FE23-4260-80A4-76045D10D590}
		{8CB479DC-36D4-418D-96B5-910284CA8627} = {C2C514DB-0727-4FA2-97D6-F47142F7B235}
		{2B847A16-8CE4-4889-8153-DF4C9EB1E221} = {C2C514DB-0727-4FA2-97D6-F47142F7B235}
		{36B88284-BE17-4EAD-ABB4-374FA0B09D32} = {469A3E1A-CDD6-4203-9A52-26A7993A3DAE}
		{573ED675-63B4-487C-94ED-B62908B95A17} = {A751560A-B212-46ED-A651-D75B17AB7095}
		{118C9FB7-7B96-4AB1-B2E3-25203FCC1F33} = {4FCD06FA-C853-454B-B9A9-0D7C6BE5C2B5}
		{C51B5D6D-2EDA-450D-AAB5-7B16EB16EEB7} = {118C9FB7-7B96-4AB1-B2E3-25203FCC1F33}
		{EC44AF81-CADD-441C-B7E9-B18BF2B92E0F} = {118C9FB7-7B96-4AB1-B2E3-25203FCC1F33}
		{807F5B9E-6FC7-48E2-B01E-F805E7317840} = {A751560A-B212-46ED-A651-D75B17AB7095}
		{4D05FF11-C4DC-453A-B663-A0D26FAB6415} = {EA0BDCDC-770E-4AA1-BEF8-FD729F3FF7E6}
		{02A42AFD-4A5A-461C-82DD-AE2A8EA3EA8E} = {EA0BDCDC-770E-4AA1-BEF8-FD729F3FF7E6}
		{EA03416D-AC8C-4B1C-A8DB-3FF112084B93} = {EA0BDCDC-770E-4AA1-BEF8-FD729F3FF7E6}
	EndGlobalSection
	GlobalSection(ExtensibilityGlobals) = postSolution
		SolutionGuid = {30C9E16C-6018-4F33-9591-CAA4119A509D}
	EndGlobalSection
EndGlobal
