
Microsoft Visual Studio Solution File, Format Version 12.00
# Visual Studio Version 16
VisualStudioVersion = 16.0.30804.86
MinimumVisualStudioVersion = 10.0.40219.1
Project("{2150E333-8FDC-42A3-9474-1A3956D46DE8}") = "Common", "Common", "{7D377E47-50D0-46D4-A090-293DEB1747EB}"
EndProject
Project("{9A19103F-16F7-4668-BE54-9A1E7A4F7556}") = "PhnTnTi.Common", "src\Common\src\Common\PhnTnTi.Common.csproj", "{FA82ED74-126C-4E37-BC7A-A967A6F01FBA}"
EndProject
Project("{9A19103F-16F7-4668-BE54-9A1E7A4F7556}") = "PhnTnTi.Common.Abstractions", "src\Common\src\Common.Abstractions\PhnTnTi.Common.Abstractions.csproj", "{4EC6106F-B68D-47B3-9298-083D458BA6D2}"
EndProject
Project("{9A19103F-16F7-4668-BE54-9A1E7A4F7556}") = "PhnTnTi.Common.Net", "src\Common\src\Common.Net\PhnTnTi.Common.Net.csproj", "{1F5B23C5-AEED-4994-B019-2B130413ED9C}"
EndProject
Project("{2150E333-8FDC-42A3-9474-1A3956D46DE8}") = "Configuration", "Configuration", "{17E66B25-FE23-4260-80A4-76045D10D590}"
EndProject
Project("{9A19103F-16F7-4668-BE54-9A1E7A4F7556}") = "PhnTnTi.Extensions.Configuration.Abstractions", "src\Configuration\src\Abstractions\PhnTnTi.Extensions.Configuration.Abstractions.csproj", "{A0997F91-0822-4A04-849D-E89324D4C084}"
EndProject
Project("{9A19103F-16F7-4668-BE54-9A1E7A4F7556}") = "PhnTnTi.Extensions.Configuration.ConfigServerBase", "src\Configuration\src\ConfigServerBase\PhnTnTi.Extensions.Configuration.ConfigServerBase.csproj", "{48F81339-5476-4637-BA27-34C67B9022B3}"
EndProject
Project("{2150E333-8FDC-42A3-9474-1A3956D46DE8}") = "Connectors", "Connectors", "{C2C514DB-0727-4FA2-97D6-F47142F7B235}"
EndProject
Project("{9A19103F-16F7-4668-BE54-9A1E7A4F7556}") = "PhnTnTi.Connector.Abstractions", "src\Connectors\src\Abstractions\PhnTnTi.Connector.Abstractions.csproj", "{8CB479DC-36D4-418D-96B5-910284CA8627}"
EndProject
Project("{9A19103F-16F7-4668-BE54-9A1E7A4F7556}") = "PhnTnTi.Connector.ConnectorBase", "src\Connectors\src\ConnectorBase\PhnTnTi.Connector.ConnectorBase.csproj", "{2B847A16-8CE4-4889-8153-DF4C9EB1E221}"
EndProject
Project("{2150E333-8FDC-42A3-9474-1A3956D46DE8}") = "Logging", "Logging", "{469A3E1A-CDD6-4203-9A52-26A7993A3DAE}"
EndProject
Project("{9A19103F-16F7-4668-BE54-9A1E7A4F7556}") = "PhnTnTi.Extensions.Logging.Abstractions", "src\Logging\src\Abstractions\PhnTnTi.Extensions.Logging.Abstractions.csproj", "{36B88284-BE17-4EAD-ABB4-374FA0B09D32}"
EndProject
Project("{2150E333-8FDC-42A3-9474-1A3956D46DE8}") = "GraphQL", "GraphQL", "{A751560A-B212-46ED-A651-D75B17AB7095}"
EndProject
Project("{FAE04EC0-301F-11D3-BF4B-00C04F79EFBC}") = "GraphQL", "src\graphql-dotnet\src\GraphQL\GraphQL.csproj", "{573ED675-63B4-487C-94ED-B62908B95A17}"
EndProject
Global
	GlobalSection(SolutionConfigurationPlatforms) = preSolution
		Debug|Any CPU = Debug|Any CPU
		Release|Any CPU = Release|Any CPU
	EndGlobalSection
	GlobalSection(ProjectConfigurationPlatforms) = postSolution
		{FA82ED74-126C-4E37-BC7A-A967A6F01FBA}.Debug|Any CPU.ActiveCfg = Debug|Any CPU
		{FA82ED74-126C-4E37-BC7A-A967A6F01FBA}.Debug|Any CPU.Build.0 = Debug|Any CPU
		{FA82ED74-126C-4E37-BC7A-A967A6F01FBA}.Release|Any CPU.ActiveCfg = Release|Any CPU
		{FA82ED74-126C-4E37-BC7A-A967A6F01FBA}.Release|Any CPU.Build.0 = Release|Any CPU
		{4EC6106F-B68D-47B3-9298-083D458BA6D2}.Debug|Any CPU.ActiveCfg = Debug|Any CPU
		{4EC6106F-B68D-47B3-9298-083D458BA6D2}.Debug|Any CPU.Build.0 = Debug|Any CPU
		{4EC6106F-B68D-47B3-9298-083D458BA6D2}.Release|Any CPU.ActiveCfg = Release|Any CPU
		{4EC6106F-B68D-47B3-9298-083D458BA6D2}.Release|Any CPU.Build.0 = Release|Any CPU
		{1F5B23C5-AEED-4994-B019-2B130413ED9C}.Debug|Any CPU.ActiveCfg = Debug|Any CPU
		{1F5B23C5-AEED-4994-B019-2B130413ED9C}.Debug|Any CPU.Build.0 = Debug|Any CPU
		{1F5B23C5-AEED-4994-B019-2B130413ED9C}.Release|Any CPU.ActiveCfg = Release|Any CPU
		{1F5B23C5-AEED-4994-B019-2B130413ED9C}.Release|Any CPU.Build.0 = Release|Any CPU
		{A0997F91-0822-4A04-849D-E89324D4C084}.Debug|Any CPU.ActiveCfg = Debug|Any CPU
		{A0997F91-0822-4A04-849D-E89324D4C084}.Debug|Any CPU.Build.0 = Debug|Any CPU
		{A0997F91-0822-4A04-849D-E89324D4C084}.Release|Any CPU.ActiveCfg = Release|Any CPU
		{A0997F91-0822-4A04-849D-E89324D4C084}.Release|Any CPU.Build.0 = Release|Any CPU
		{48F81339-5476-4637-BA27-34C67B9022B3}.Debug|Any CPU.ActiveCfg = Debug|Any CPU
		{48F81339-5476-4637-BA27-34C67B9022B3}.Debug|Any CPU.Build.0 = Debug|Any CPU
		{48F81339-5476-4637-BA27-34C67B9022B3}.Release|Any CPU.ActiveCfg = Release|Any CPU
		{48F81339-5476-4637-BA27-34C67B9022B3}.Release|Any CPU.Build.0 = Release|Any CPU
		{8CB479DC-36D4-418D-96B5-910284CA8627}.Debug|Any CPU.ActiveCfg = Debug|Any CPU
		{8CB479DC-36D4-418D-96B5-910284CA8627}.Debug|Any CPU.Build.0 = Debug|Any CPU
		{8CB479DC-36D4-418D-96B5-910284CA8627}.Release|Any CPU.ActiveCfg = Release|Any CPU
		{8CB479DC-36D4-418D-96B5-910284CA8627}.Release|Any CPU.Build.0 = Release|Any CPU
		{2B847A16-8CE4-4889-8153-DF4C9EB1E221}.Debug|Any CPU.ActiveCfg = Debug|Any CPU
		{2B847A16-8CE4-4889-8153-DF4C9EB1E221}.Debug|Any CPU.Build.0 = Debug|Any CPU
		{2B847A16-8CE4-4889-8153-DF4C9EB1E221}.Release|Any CPU.ActiveCfg = Release|Any CPU
		{2B847A16-8CE4-4889-8153-DF4C9EB1E221}.Release|Any CPU.Build.0 = Release|Any CPU
		{36B88284-BE17-4EAD-ABB4-374FA0B09D32}.Debug|Any CPU.ActiveCfg = Debug|Any CPU
		{36B88284-BE17-4EAD-ABB4-374FA0B09D32}.Debug|Any CPU.Build.0 = Debug|Any CPU
		{36B88284-BE17-4EAD-ABB4-374FA0B09D32}.Release|Any CPU.ActiveCfg = Release|Any CPU
		{36B88284-BE17-4EAD-ABB4-374FA0B09D32}.Release|Any CPU.Build.0 = Release|Any CPU
		{573ED675-63B4-487C-94ED-B62908B95A17}.Debug|Any CPU.ActiveCfg = Debug|Any CPU
		{573ED675-63B4-487C-94ED-B62908B95A17}.Debug|Any CPU.Build.0 = Debug|Any CPU
		{573ED675-63B4-487C-94ED-B62908B95A17}.Release|Any CPU.ActiveCfg = Release|Any CPU
		{573ED675-63B4-487C-94ED-B62908B95A17}.Release|Any CPU.Build.0 = Release|Any CPU
	EndGlobalSection
	GlobalSection(SolutionProperties) = preSolution
		HideSolutionNode = FALSE
	EndGlobalSection
	GlobalSection(NestedProjects) = preSolution
		{FA82ED74-126C-4E37-BC7A-A967A6F01FBA} = {7D377E47-50D0-46D4-A090-293DEB1747EB}
		{4EC6106F-B68D-47B3-9298-083D458BA6D2} = {7D377E47-50D0-46D4-A090-293DEB1747EB}
		{1F5B23C5-AEED-4994-B019-2B130413ED9C} = {7D377E47-50D0-46D4-A090-293DEB1747EB}
		{A0997F91-0822-4A04-849D-E89324D4C084} = {17E66B25-FE23-4260-80A4-76045D10D590}
		{48F81339-5476-4637-BA27-34C67B9022B3} = {17E66B25-FE23-4260-80A4-76045D10D590}
		{8CB479DC-36D4-418D-96B5-910284CA8627} = {C2C514DB-0727-4FA2-97D6-F47142F7B235}
		{2B847A16-8CE4-4889-8153-DF4C9EB1E221} = {C2C514DB-0727-4FA2-97D6-F47142F7B235}
		{36B88284-BE17-4EAD-ABB4-374FA0B09D32} = {469A3E1A-CDD6-4203-9A52-26A7993A3DAE}
		{573ED675-63B4-487C-94ED-B62908B95A17} = {A751560A-B212-46ED-A651-D75B17AB7095}
	EndGlobalSection
	GlobalSection(ExtensibilityGlobals) = postSolution
		SolutionGuid = {30C9E16C-6018-4F33-9591-CAA4119A509D}
	EndGlobalSection
EndGlobal
